
Microsoft Visual Studio Solution File, Format Version 12.00
# Visual Studio 14
VisualStudioVersion = 14.0.25420.1
MinimumVisualStudioVersion = 10.0.40219.1
Project("{FAE04EC0-301F-11D3-BF4B-00C04F79EFBC}") = "DecFtpNmb.Controllers", "..\DecFtpNmb.Controllers\DecFtpNmb.Controllers.csproj", "{5229D64C-324F-47CD-AB96-3BFAB596D5B7}"
EndProject
Project("{FAE04EC0-301F-11D3-BF4B-00C04F79EFBC}") = "DecFtpNmb.Models", "..\DecFtpNmb.Models\DecFtpNmb.Models.csproj", "{A7F28F4A-2496-4F7F-85C5-97AD69FDD9DB}"
EndProject
Project("{FAE04EC0-301F-11D3-BF4B-00C04F79EFBC}") = "DecFtpNmb.App", "..\DecFtpNmb.App\DecFtpNmb.App.csproj", "{FCB5BADC-6688-4C31-B473-6536AE6F046B}"
EndProject
Global
	GlobalSection(SolutionConfigurationPlatforms) = preSolution
		Debug|Any CPU = Debug|Any CPU
		Release|Any CPU = Release|Any CPU
	EndGlobalSection
	GlobalSection(ProjectConfigurationPlatforms) = postSolution
		{5229D64C-324F-47CD-AB96-3BFAB596D5B7}.Debug|Any CPU.ActiveCfg = Debug|Any CPU
		{5229D64C-324F-47CD-AB96-3BFAB596D5B7}.Debug|Any CPU.Build.0 = Debug|Any CPU
		{5229D64C-324F-47CD-AB96-3BFAB596D5B7}.Release|Any CPU.ActiveCfg = Release|Any CPU
		{5229D64C-324F-47CD-AB96-3BFAB596D5B7}.Release|Any CPU.Build.0 = Release|Any CPU
		{A7F28F4A-2496-4F7F-85C5-97AD69FDD9DB}.Debug|Any CPU.ActiveCfg = Debug|Any CPU
		{A7F28F4A-2496-4F7F-85C5-97AD69FDD9DB}.Debug|Any CPU.Build.0 = Debug|Any CPU
		{A7F28F4A-2496-4F7F-85C5-97AD69FDD9DB}.Release|Any CPU.ActiveCfg = Release|Any CPU
		{A7F28F4A-2496-4F7F-85C5-97AD69FDD9DB}.Release|Any CPU.Build.0 = Release|Any CPU
		{FCB5BADC-6688-4C31-B473-6536AE6F046B}.Debug|Any CPU.ActiveCfg = Debug|Any CPU
		{FCB5BADC-6688-4C31-B473-6536AE6F046B}.Debug|Any CPU.Build.0 = Debug|Any CPU
		{FCB5BADC-6688-4C31-B473-6536AE6F046B}.Release|Any CPU.ActiveCfg = Release|Any CPU
		{FCB5BADC-6688-4C31-B473-6536AE6F046B}.Release|Any CPU.Build.0 = Release|Any CPU
	EndGlobalSection
	GlobalSection(SolutionProperties) = preSolution
		HideSolutionNode = FALSE
	EndGlobalSection
EndGlobal
